
Microsoft Visual Studio Solution File, Format Version 12.00
# Visual Studio Version 16
VisualStudioVersion = 16.0.31321.278
MinimumVisualStudioVersion = 10.0.40219.1
Project("{FAE04EC0-301F-11D3-BF4B-00C04F79EFBC}") = "SintaxeCSharp", "SintaxeCSharp\SintaxeCSharp.csproj", "{C1A88F77-0E03-473F-B045-70D5CA4C56D8}"
EndProject
Global
	GlobalSection(SolutionConfigurationPlatforms) = preSolution
		Debug|Any CPU = Debug|Any CPU
		Release|Any CPU = Release|Any CPU
	EndGlobalSection
	GlobalSection(ProjectConfigurationPlatforms) = postSolution
		{C1A88F77-0E03-473F-B045-70D5CA4C56D8}.Debug|Any CPU.ActiveCfg = Debug|Any CPU
		{C1A88F77-0E03-473F-B045-70D5CA4C56D8}.Debug|Any CPU.Build.0 = Debug|Any CPU
		{C1A88F77-0E03-473F-B045-70D5CA4C56D8}.Release|Any CPU.ActiveCfg = Release|Any CPU
		{C1A88F77-0E03-473F-B045-70D5CA4C56D8}.Release|Any CPU.Build.0 = Release|Any CPU
	EndGlobalSection
	GlobalSection(SolutionProperties) = preSolution
		HideSolutionNode = FALSE
	EndGlobalSection
	GlobalSection(ExtensibilityGlobals) = postSolution
		SolutionGuid = {6F72DA31-E87C-40A4-A208-1BF2B4D66063}
	EndGlobalSection
EndGlobal
